
Microsoft Visual Studio Solution File, Format Version 10.00
# Visual Studio 2008
Project("{2150E333-8FDC-42A3-9474-1A3956D46DE8}") = "Activity Reports", "Activity Reports", "{BFE5A672-007F-48D8-8C61-12C87ED312E2}"
EndProject
Project("{2150E333-8FDC-42A3-9474-1A3956D46DE8}") = "Question Reports", "Question Reports", "{245A7194-8245-4027-8D1C-79162EAC038F}"
EndProject
Project("{F14B399A-7131-4C87-9E4B-1186C45EF12D}") = "Incidents", "Incidents\Incidents.rptproj", "{85CCAD41-B36F-4F7C-B681-A2482039E3DD}"
EndProject
Project("{F14B399A-7131-4C87-9E4B-1186C45EF12D}") = "Tables", "Tables\Tables.rptproj", "{B2DBB7C0-7F0A-4228-A8D4-853FCC26BA79}"
EndProject
Project("{F14B399A-7131-4C87-9E4B-1186C45EF12D}") = "Activity Reports", "Activity Reports\Activity Reports.rptproj", "{EE11D676-9B88-42DE-9D8C-423CE8E0C6EC}"
EndProject
Project("{F14B399A-7131-4C87-9E4B-1186C45EF12D}") = "Static Activity Reports", "Static Activity Reports\Static Activity Reports.rptproj", "{34EF700D-9604-4A7E-A404-18AD973A36AC}"
EndProject
Global
	GlobalSection(SolutionConfigurationPlatforms) = preSolution
		Debug|Default = Debug|Default
		DebugLocal|Default = DebugLocal|Default
		Production Support|Default = Production Support|Default
		Release|Default = Release|Default
	EndGlobalSection
	GlobalSection(ProjectConfigurationPlatforms) = postSolution
		{85CCAD41-B36F-4F7C-B681-A2482039E3DD}.Debug|Default.ActiveCfg = Debug
		{85CCAD41-B36F-4F7C-B681-A2482039E3DD}.Debug|Default.Build.0 = DebugLocal
		{85CCAD41-B36F-4F7C-B681-A2482039E3DD}.Debug|Default.Deploy.0 = DebugLocal
		{85CCAD41-B36F-4F7C-B681-A2482039E3DD}.DebugLocal|Default.ActiveCfg = DebugLocal
		{85CCAD41-B36F-4F7C-B681-A2482039E3DD}.DebugLocal|Default.Build.0 = DebugLocal
		{85CCAD41-B36F-4F7C-B681-A2482039E3DD}.Production Support|Default.ActiveCfg = Production Support
		{85CCAD41-B36F-4F7C-B681-A2482039E3DD}.Production Support|Default.Build.0 = Production Support
		{85CCAD41-B36F-4F7C-B681-A2482039E3DD}.Production Support|Default.Deploy.0 = Production Support
		{85CCAD41-B36F-4F7C-B681-A2482039E3DD}.Release|Default.ActiveCfg = Release
		{85CCAD41-B36F-4F7C-B681-A2482039E3DD}.Release|Default.Build.0 = Release
		{85CCAD41-B36F-4F7C-B681-A2482039E3DD}.Release|Default.Deploy.0 = Release
		{B2DBB7C0-7F0A-4228-A8D4-853FCC26BA79}.Debug|Default.ActiveCfg = DebugLocal
		{B2DBB7C0-7F0A-4228-A8D4-853FCC26BA79}.Debug|Default.Build.0 = DebugLocal
		{B2DBB7C0-7F0A-4228-A8D4-853FCC26BA79}.DebugLocal|Default.ActiveCfg = DebugLocal
		{B2DBB7C0-7F0A-4228-A8D4-853FCC26BA79}.DebugLocal|Default.Build.0 = DebugLocal
		{B2DBB7C0-7F0A-4228-A8D4-853FCC26BA79}.Production Support|Default.ActiveCfg = Release
		{B2DBB7C0-7F0A-4228-A8D4-853FCC26BA79}.Production Support|Default.Build.0 = Release
		{B2DBB7C0-7F0A-4228-A8D4-853FCC26BA79}.Production Support|Default.Deploy.0 = Release
		{B2DBB7C0-7F0A-4228-A8D4-853FCC26BA79}.Release|Default.ActiveCfg = Release
		{B2DBB7C0-7F0A-4228-A8D4-853FCC26BA79}.Release|Default.Build.0 = Release
		{B2DBB7C0-7F0A-4228-A8D4-853FCC26BA79}.Release|Default.Deploy.0 = Release
		{EE11D676-9B88-42DE-9D8C-423CE8E0C6EC}.Debug|Default.ActiveCfg = DebugLocal
		{EE11D676-9B88-42DE-9D8C-423CE8E0C6EC}.Debug|Default.Build.0 = DebugLocal
		{EE11D676-9B88-42DE-9D8C-423CE8E0C6EC}.DebugLocal|Default.ActiveCfg = DebugLocal
		{EE11D676-9B88-42DE-9D8C-423CE8E0C6EC}.DebugLocal|Default.Build.0 = DebugLocal
		{EE11D676-9B88-42DE-9D8C-423CE8E0C6EC}.Production Support|Default.ActiveCfg = Release
		{EE11D676-9B88-42DE-9D8C-423CE8E0C6EC}.Production Support|Default.Build.0 = Release
		{EE11D676-9B88-42DE-9D8C-423CE8E0C6EC}.Production Support|Default.Deploy.0 = Release
		{EE11D676-9B88-42DE-9D8C-423CE8E0C6EC}.Release|Default.ActiveCfg = Release
		{EE11D676-9B88-42DE-9D8C-423CE8E0C6EC}.Release|Default.Build.0 = Release
		{EE11D676-9B88-42DE-9D8C-423CE8E0C6EC}.Release|Default.Deploy.0 = Release
		{34EF700D-9604-4A7E-A404-18AD973A36AC}.Debug|Default.ActiveCfg = DebugLocal
		{34EF700D-9604-4A7E-A404-18AD973A36AC}.Debug|Default.Build.0 = DebugLocal
		{34EF700D-9604-4A7E-A404-18AD973A36AC}.DebugLocal|Default.ActiveCfg = DebugLocal
		{34EF700D-9604-4A7E-A404-18AD973A36AC}.DebugLocal|Default.Build.0 = DebugLocal
		{34EF700D-9604-4A7E-A404-18AD973A36AC}.Production Support|Default.ActiveCfg = Release
		{34EF700D-9604-4A7E-A404-18AD973A36AC}.Production Support|Default.Build.0 = Release
		{34EF700D-9604-4A7E-A404-18AD973A36AC}.Production Support|Default.Deploy.0 = Release
		{34EF700D-9604-4A7E-A404-18AD973A36AC}.Release|Default.ActiveCfg = Release
		{34EF700D-9604-4A7E-A404-18AD973A36AC}.Release|Default.Build.0 = Release
		{34EF700D-9604-4A7E-A404-18AD973A36AC}.Release|Default.Deploy.0 = Release
	EndGlobalSection
	GlobalSection(SolutionProperties) = preSolution
		HideSolutionNode = FALSE
	EndGlobalSection
	GlobalSection(NestedProjects) = preSolution
		{EE11D676-9B88-42DE-9D8C-423CE8E0C6EC} = {BFE5A672-007F-48D8-8C61-12C87ED312E2}
		{34EF700D-9604-4A7E-A404-18AD973A36AC} = {BFE5A672-007F-48D8-8C61-12C87ED312E2}
		{85CCAD41-B36F-4F7C-B681-A2482039E3DD} = {245A7194-8245-4027-8D1C-79162EAC038F}
		{B2DBB7C0-7F0A-4228-A8D4-853FCC26BA79} = {245A7194-8245-4027-8D1C-79162EAC038F}
	EndGlobalSection
EndGlobal
